
Microsoft Visual Studio Solution File, Format Version 12.00
# Visual Studio Version 16
VisualStudioVersion = 16.0.30011.22
MinimumVisualStudioVersion = 10.0.40219.1
Project("{FAE04EC0-301F-11D3-BF4B-00C04F79EFBC}") = "CharacterSheet_KnockoutJS", "CharacterSheet_KnockoutJS.csproj", "{86C54ABC-886B-4075-A1A2-7556F4C1AC88}"
EndProject
Global
	GlobalSection(SolutionConfigurationPlatforms) = preSolution
		Debug|Any CPU = Debug|Any CPU
		Release|Any CPU = Release|Any CPU
	EndGlobalSection
	GlobalSection(ProjectConfigurationPlatforms) = postSolution
		{86C54ABC-886B-4075-A1A2-7556F4C1AC88}.Debug|Any CPU.ActiveCfg = Debug|Any CPU
		{86C54ABC-886B-4075-A1A2-7556F4C1AC88}.Debug|Any CPU.Build.0 = Debug|Any CPU
		{86C54ABC-886B-4075-A1A2-7556F4C1AC88}.Release|Any CPU.ActiveCfg = Release|Any CPU
		{86C54ABC-886B-4075-A1A2-7556F4C1AC88}.Release|Any CPU.Build.0 = Release|Any CPU
	EndGlobalSection
	GlobalSection(SolutionProperties) = preSolution
		HideSolutionNode = FALSE
	EndGlobalSection
	GlobalSection(ExtensibilityGlobals) = postSolution
		SolutionGuid = {606D1806-00CD-4D3F-B07E-217B2D58F9E3}
	EndGlobalSection
EndGlobal
